
Microsoft Visual Studio Solution File, Format Version 12.00
# Visual Studio 14
VisualStudioVersion = 14.0.23107.0
MinimumVisualStudioVersion = 10.0.40219.1
Project("{FAE04EC0-301F-11D3-BF4B-00C04F79EFBC}") = "3.3Panagram", "3.3Panagram\3.3Panagram.csproj", "{B1AE5377-9255-4CC7-96B5-4DC85231991B}"
EndProject
Project("{FAE04EC0-301F-11D3-BF4B-00C04F79EFBC}") = "PanagramTests", "PanagramTests\PanagramTests.csproj", "{5F81F419-A541-40F9-8077-E35CB36400E8}"
EndProject
Global
	GlobalSection(SolutionConfigurationPlatforms) = preSolution
		Debug|Any CPU = Debug|Any CPU
		Release|Any CPU = Release|Any CPU
	EndGlobalSection
	GlobalSection(ProjectConfigurationPlatforms) = postSolution
		{B1AE5377-9255-4CC7-96B5-4DC85231991B}.Debug|Any CPU.ActiveCfg = Debug|Any CPU
		{B1AE5377-9255-4CC7-96B5-4DC85231991B}.Debug|Any CPU.Build.0 = Debug|Any CPU
		{B1AE5377-9255-4CC7-96B5-4DC85231991B}.Release|Any CPU.ActiveCfg = Release|Any CPU
		{B1AE5377-9255-4CC7-96B5-4DC85231991B}.Release|Any CPU.Build.0 = Release|Any CPU
		{5F81F419-A541-40F9-8077-E35CB36400E8}.Debug|Any CPU.ActiveCfg = Debug|Any CPU
		{5F81F419-A541-40F9-8077-E35CB36400E8}.Debug|Any CPU.Build.0 = Debug|Any CPU
		{5F81F419-A541-40F9-8077-E35CB36400E8}.Release|Any CPU.ActiveCfg = Release|Any CPU
		{5F81F419-A541-40F9-8077-E35CB36400E8}.Release|Any CPU.Build.0 = Release|Any CPU
	EndGlobalSection
	GlobalSection(SolutionProperties) = preSolution
		HideSolutionNode = FALSE
	EndGlobalSection
EndGlobal
