
Microsoft Visual Studio Solution File, Format Version 12.00
# Visual Studio 14
VisualStudioVersion = 14.0.24720.0
MinimumVisualStudioVersion = 10.0.40219.1
Project("{FAE04EC0-301F-11D3-BF4B-00C04F79EFBC}") = "6.6 Pascal Triangle", "6.6 Pascal Triangle\6.6 Pascal Triangle.csproj", "{04661280-7D20-402D-ABA1-6045776978F1}"
EndProject
Project("{FAE04EC0-301F-11D3-BF4B-00C04F79EFBC}") = "PascalTriangleTests", "PascalTriangleTests\PascalTriangleTests.csproj", "{AE814C00-B260-4100-A8A4-FFDAD78F544E}"
EndProject
Global
	GlobalSection(SolutionConfigurationPlatforms) = preSolution
		Debug|Any CPU = Debug|Any CPU
		Release|Any CPU = Release|Any CPU
	EndGlobalSection
	GlobalSection(ProjectConfigurationPlatforms) = postSolution
		{04661280-7D20-402D-ABA1-6045776978F1}.Debug|Any CPU.ActiveCfg = Debug|Any CPU
		{04661280-7D20-402D-ABA1-6045776978F1}.Debug|Any CPU.Build.0 = Debug|Any CPU
		{04661280-7D20-402D-ABA1-6045776978F1}.Release|Any CPU.ActiveCfg = Release|Any CPU
		{04661280-7D20-402D-ABA1-6045776978F1}.Release|Any CPU.Build.0 = Release|Any CPU
		{AE814C00-B260-4100-A8A4-FFDAD78F544E}.Debug|Any CPU.ActiveCfg = Debug|Any CPU
		{AE814C00-B260-4100-A8A4-FFDAD78F544E}.Debug|Any CPU.Build.0 = Debug|Any CPU
		{AE814C00-B260-4100-A8A4-FFDAD78F544E}.Release|Any CPU.ActiveCfg = Release|Any CPU
		{AE814C00-B260-4100-A8A4-FFDAD78F544E}.Release|Any CPU.Build.0 = Release|Any CPU
	EndGlobalSection
	GlobalSection(SolutionProperties) = preSolution
		HideSolutionNode = FALSE
	EndGlobalSection
EndGlobal
