
Microsoft Visual Studio Solution File, Format Version 12.00
# Visual Studio 14
VisualStudioVersion = 14.0.23107.0
MinimumVisualStudioVersion = 10.0.40219.1
Project("{FAE04EC0-301F-11D3-BF4B-00C04F79EFBC}") = "5.1 Password Generator", "5.1 Password Generator\5.1 Password Generator.csproj", "{271AF468-4C03-45B7-828A-B581CDECF376}"
EndProject
Project("{FAE04EC0-301F-11D3-BF4B-00C04F79EFBC}") = "5.1 PasswordTests", "5.1 PasswordTests\5.1 PasswordTests.csproj", "{7A52B498-E55D-4A34-A90D-C05B2DEB09F7}"
EndProject
Global
	GlobalSection(SolutionConfigurationPlatforms) = preSolution
		Debug|Any CPU = Debug|Any CPU
		Release|Any CPU = Release|Any CPU
	EndGlobalSection
	GlobalSection(ProjectConfigurationPlatforms) = postSolution
		{271AF468-4C03-45B7-828A-B581CDECF376}.Debug|Any CPU.ActiveCfg = Debug|Any CPU
		{271AF468-4C03-45B7-828A-B581CDECF376}.Debug|Any CPU.Build.0 = Debug|Any CPU
		{271AF468-4C03-45B7-828A-B581CDECF376}.Release|Any CPU.ActiveCfg = Release|Any CPU
		{271AF468-4C03-45B7-828A-B581CDECF376}.Release|Any CPU.Build.0 = Release|Any CPU
		{7A52B498-E55D-4A34-A90D-C05B2DEB09F7}.Debug|Any CPU.ActiveCfg = Debug|Any CPU
		{7A52B498-E55D-4A34-A90D-C05B2DEB09F7}.Debug|Any CPU.Build.0 = Debug|Any CPU
		{7A52B498-E55D-4A34-A90D-C05B2DEB09F7}.Release|Any CPU.ActiveCfg = Release|Any CPU
		{7A52B498-E55D-4A34-A90D-C05B2DEB09F7}.Release|Any CPU.Build.0 = Release|Any CPU
	EndGlobalSection
	GlobalSection(SolutionProperties) = preSolution
		HideSolutionNode = FALSE
	EndGlobalSection
EndGlobal
