
Microsoft Visual Studio Solution File, Format Version 12.00
# Visual Studio 14
VisualStudioVersion = 14.0.24720.0
MinimumVisualStudioVersion = 10.0.40219.1
Project("{FAE04EC0-301F-11D3-BF4B-00C04F79EFBC}") = "6.3 Replacement", "6.3 Replacement\6.3 Replacement.csproj", "{4DB935C2-A629-412D-BB8A-AF8A7A0BF418}"
EndProject
Project("{FAE04EC0-301F-11D3-BF4B-00C04F79EFBC}") = "ReplacementTests", "ReplacementTests\ReplacementTests.csproj", "{61376DE3-A1B2-4924-9460-ABF4C99DC8AB}"
EndProject
Global
	GlobalSection(SolutionConfigurationPlatforms) = preSolution
		Debug|Any CPU = Debug|Any CPU
		Release|Any CPU = Release|Any CPU
	EndGlobalSection
	GlobalSection(ProjectConfigurationPlatforms) = postSolution
		{4DB935C2-A629-412D-BB8A-AF8A7A0BF418}.Debug|Any CPU.ActiveCfg = Debug|Any CPU
		{4DB935C2-A629-412D-BB8A-AF8A7A0BF418}.Debug|Any CPU.Build.0 = Debug|Any CPU
		{4DB935C2-A629-412D-BB8A-AF8A7A0BF418}.Release|Any CPU.ActiveCfg = Release|Any CPU
		{4DB935C2-A629-412D-BB8A-AF8A7A0BF418}.Release|Any CPU.Build.0 = Release|Any CPU
		{61376DE3-A1B2-4924-9460-ABF4C99DC8AB}.Debug|Any CPU.ActiveCfg = Debug|Any CPU
		{61376DE3-A1B2-4924-9460-ABF4C99DC8AB}.Debug|Any CPU.Build.0 = Debug|Any CPU
		{61376DE3-A1B2-4924-9460-ABF4C99DC8AB}.Release|Any CPU.ActiveCfg = Release|Any CPU
		{61376DE3-A1B2-4924-9460-ABF4C99DC8AB}.Release|Any CPU.Build.0 = Release|Any CPU
	EndGlobalSection
	GlobalSection(SolutionProperties) = preSolution
		HideSolutionNode = FALSE
	EndGlobalSection
EndGlobal
